
Microsoft Visual Studio Solution File, Format Version 12.00
# Visual Studio Version 17
VisualStudioVersion = 17.7.34221.43
MinimumVisualStudioVersion = 10.0.40219.1
Project("{9A19103F-16F7-4668-BE54-9A1E7A4F7556}") = "ZakazObedov1", "ZakazObedov1\ZakazObedov1.csproj", "{AFF29489-CC8A-46A7-AF96-4A4A9EB705AC}"
EndProject
Project("{9A19103F-16F7-4668-BE54-9A1E7A4F7556}") = "ZakazObedov1.Entities", "ZakazObedov1.Entities\ZakazObedov1.Entities.csproj", "{7EF3AB6A-82A5-4731-AE7F-96C8812CCD7A}"
EndProject
Project("{9A19103F-16F7-4668-BE54-9A1E7A4F7556}") = "ZakazObedov1.DataAccess", "ZakazObedov1.DataAccess\ZakazObedov1.DataAccess.csproj", "{62F47C6E-9E3C-4E25-8D4B-D08CDE90A95F}"
EndProject
Project("{FAE04EC0-301F-11D3-BF4B-00C04F79EFBC}") = "ZakazObedov1.Services", "ZakazObedov1.Services\ZakazObedov1.Services.csproj", "{F3377D81-50CD-4CA2-9F15-A5E4690040D7}"
EndProject
Project("{FAE04EC0-301F-11D3-BF4B-00C04F79EFBC}") = "ZakazObedov1.Services.Contract", "ZakazObedov1.Services.Contract\ZakazObedov1.Services.Contract.csproj", "{1D71D0E0-742B-4264-97C2-BD7D4C8E839E}"
EndProject
Project("{FAE04EC0-301F-11D3-BF4B-00C04F79EFBC}") = "ZakzObedov1.ZakazDto", "ZakzObedov1.ZakazDto\ZakzObedov1.ZakazDto.csproj", "{EF1F096C-514C-4088-9CDE-F118F00FC742}"
EndProject
Global
	GlobalSection(SolutionConfigurationPlatforms) = preSolution
		Debug|Any CPU = Debug|Any CPU
		Release|Any CPU = Release|Any CPU
	EndGlobalSection
	GlobalSection(ProjectConfigurationPlatforms) = postSolution
		{AFF29489-CC8A-46A7-AF96-4A4A9EB705AC}.Debug|Any CPU.ActiveCfg = Debug|Any CPU
		{AFF29489-CC8A-46A7-AF96-4A4A9EB705AC}.Debug|Any CPU.Build.0 = Debug|Any CPU
		{AFF29489-CC8A-46A7-AF96-4A4A9EB705AC}.Release|Any CPU.ActiveCfg = Release|Any CPU
		{AFF29489-CC8A-46A7-AF96-4A4A9EB705AC}.Release|Any CPU.Build.0 = Release|Any CPU
		{7EF3AB6A-82A5-4731-AE7F-96C8812CCD7A}.Debug|Any CPU.ActiveCfg = Debug|Any CPU
		{7EF3AB6A-82A5-4731-AE7F-96C8812CCD7A}.Debug|Any CPU.Build.0 = Debug|Any CPU
		{7EF3AB6A-82A5-4731-AE7F-96C8812CCD7A}.Release|Any CPU.ActiveCfg = Release|Any CPU
		{7EF3AB6A-82A5-4731-AE7F-96C8812CCD7A}.Release|Any CPU.Build.0 = Release|Any CPU
		{62F47C6E-9E3C-4E25-8D4B-D08CDE90A95F}.Debug|Any CPU.ActiveCfg = Debug|Any CPU
		{62F47C6E-9E3C-4E25-8D4B-D08CDE90A95F}.Debug|Any CPU.Build.0 = Debug|Any CPU
		{62F47C6E-9E3C-4E25-8D4B-D08CDE90A95F}.Release|Any CPU.ActiveCfg = Release|Any CPU
		{62F47C6E-9E3C-4E25-8D4B-D08CDE90A95F}.Release|Any CPU.Build.0 = Release|Any CPU
		{F3377D81-50CD-4CA2-9F15-A5E4690040D7}.Debug|Any CPU.ActiveCfg = Debug|Any CPU
		{F3377D81-50CD-4CA2-9F15-A5E4690040D7}.Debug|Any CPU.Build.0 = Debug|Any CPU
		{F3377D81-50CD-4CA2-9F15-A5E4690040D7}.Release|Any CPU.ActiveCfg = Release|Any CPU
		{F3377D81-50CD-4CA2-9F15-A5E4690040D7}.Release|Any CPU.Build.0 = Release|Any CPU
		{1D71D0E0-742B-4264-97C2-BD7D4C8E839E}.Debug|Any CPU.ActiveCfg = Debug|Any CPU
		{1D71D0E0-742B-4264-97C2-BD7D4C8E839E}.Debug|Any CPU.Build.0 = Debug|Any CPU
		{1D71D0E0-742B-4264-97C2-BD7D4C8E839E}.Release|Any CPU.ActiveCfg = Release|Any CPU
		{1D71D0E0-742B-4264-97C2-BD7D4C8E839E}.Release|Any CPU.Build.0 = Release|Any CPU
		{EF1F096C-514C-4088-9CDE-F118F00FC742}.Debug|Any CPU.ActiveCfg = Debug|Any CPU
		{EF1F096C-514C-4088-9CDE-F118F00FC742}.Debug|Any CPU.Build.0 = Debug|Any CPU
		{EF1F096C-514C-4088-9CDE-F118F00FC742}.Release|Any CPU.ActiveCfg = Release|Any CPU
		{EF1F096C-514C-4088-9CDE-F118F00FC742}.Release|Any CPU.Build.0 = Release|Any CPU
	EndGlobalSection
	GlobalSection(SolutionProperties) = preSolution
		HideSolutionNode = FALSE
	EndGlobalSection
	GlobalSection(ExtensibilityGlobals) = postSolution
		SolutionGuid = {2857F65E-7F65-4F41-8450-2CC41F5A90A4}
	EndGlobalSection
EndGlobal
